
Microsoft Visual Studio Solution File, Format Version 12.00
# Visual Studio Version 17
VisualStudioVersion = 17.13.35913.81 d17.13
MinimumVisualStudioVersion = 10.0.40219.1
Project("{FAE04EC0-301F-11D3-BF4B-00C04F79EFBC}") = "WacomSignatureApp", "WacomSignatureApp.csproj", "{1ECD3A69-9723-4AE6-9004-AFB212400B08}"
EndProject
Global
	GlobalSection(SolutionConfigurationPlatforms) = preSolution
		Debug|Any CPU = Debug|Any CPU
		Release|Any CPU = Release|Any CPU
	EndGlobalSection
	GlobalSection(ProjectConfigurationPlatforms) = postSolution
		{1ECD3A69-9723-4AE6-9004-AFB212400B08}.Debug|Any CPU.ActiveCfg = Debug|Any CPU
		{1ECD3A69-9723-4AE6-9004-AFB212400B08}.Debug|Any CPU.Build.0 = Debug|Any CPU
		{1ECD3A69-9723-4AE6-9004-AFB212400B08}.Release|Any CPU.ActiveCfg = Release|Any CPU
		{1ECD3A69-9723-4AE6-9004-AFB212400B08}.Release|Any CPU.Build.0 = Release|Any CPU
	EndGlobalSection
	GlobalSection(SolutionProperties) = preSolution
		HideSolutionNode = FALSE
	EndGlobalSection
	GlobalSection(ExtensibilityGlobals) = postSolution
		SolutionGuid = {093596A4-0A2F-42F2-92F4-86902BBA178A}
	EndGlobalSection
EndGlobal
